
Microsoft Visual Studio Solution File, Format Version 12.00
# Visual Studio Version 17
VisualStudioVersion = 17.2.32630.192
MinimumVisualStudioVersion = 10.0.40219.1
Project("{FAE04EC0-301F-11D3-BF4B-00C04F79EFBC}") = "MCS.Email.Web", "MCS.Email.Web\MCS.Email.Web.csproj", "{7F5C1788-B73B-4C11-A7F7-66B4EDFAD736}"
EndProject
Project("{FAE04EC0-301F-11D3-BF4B-00C04F79EFBC}") = "MCS.Email.Domain.Contracts", "MCS.Email.Domain.Contracts\MCS.Email.Domain.Contracts.csproj", "{ED3BFF98-E7CD-438F-B543-F2490F95661C}"
EndProject
Project("{FAE04EC0-301F-11D3-BF4B-00C04F79EFBC}") = "MCS.Email.Domain.Services", "MCS.Email.Domain.Services\MCS.Email.Domain.Services.csproj", "{37E01499-BF98-47D9-8C85-88607CC6955D}"
EndProject
Project("{FAE04EC0-301F-11D3-BF4B-00C04F79EFBC}") = "MCS.Email.Web.Contracts", "MCS.Email.Web.Contracts\MCS.Email.Web.Contracts.csproj", "{B6EC7E76-697C-4EC7-BFF9-36491EABF744}"
EndProject
Project("{FAE04EC0-301F-11D3-BF4B-00C04F79EFBC}") = "MCS.Email.Infrastructure", "MCS.Email.Infrastructure\MCS.Email.Infrastructure.csproj", "{A628F113-A080-48C1-99C6-CD8DF11779D1}"
EndProject
Global
	GlobalSection(SolutionConfigurationPlatforms) = preSolution
		Debug|Any CPU = Debug|Any CPU
		Release|Any CPU = Release|Any CPU
	EndGlobalSection
	GlobalSection(ProjectConfigurationPlatforms) = postSolution
		{7F5C1788-B73B-4C11-A7F7-66B4EDFAD736}.Debug|Any CPU.ActiveCfg = Debug|Any CPU
		{7F5C1788-B73B-4C11-A7F7-66B4EDFAD736}.Debug|Any CPU.Build.0 = Debug|Any CPU
		{7F5C1788-B73B-4C11-A7F7-66B4EDFAD736}.Release|Any CPU.ActiveCfg = Release|Any CPU
		{7F5C1788-B73B-4C11-A7F7-66B4EDFAD736}.Release|Any CPU.Build.0 = Release|Any CPU
		{ED3BFF98-E7CD-438F-B543-F2490F95661C}.Debug|Any CPU.ActiveCfg = Debug|Any CPU
		{ED3BFF98-E7CD-438F-B543-F2490F95661C}.Debug|Any CPU.Build.0 = Debug|Any CPU
		{ED3BFF98-E7CD-438F-B543-F2490F95661C}.Release|Any CPU.ActiveCfg = Release|Any CPU
		{ED3BFF98-E7CD-438F-B543-F2490F95661C}.Release|Any CPU.Build.0 = Release|Any CPU
		{37E01499-BF98-47D9-8C85-88607CC6955D}.Debug|Any CPU.ActiveCfg = Debug|Any CPU
		{37E01499-BF98-47D9-8C85-88607CC6955D}.Debug|Any CPU.Build.0 = Debug|Any CPU
		{37E01499-BF98-47D9-8C85-88607CC6955D}.Release|Any CPU.ActiveCfg = Release|Any CPU
		{37E01499-BF98-47D9-8C85-88607CC6955D}.Release|Any CPU.Build.0 = Release|Any CPU
		{B6EC7E76-697C-4EC7-BFF9-36491EABF744}.Debug|Any CPU.ActiveCfg = Debug|Any CPU
		{B6EC7E76-697C-4EC7-BFF9-36491EABF744}.Debug|Any CPU.Build.0 = Debug|Any CPU
		{B6EC7E76-697C-4EC7-BFF9-36491EABF744}.Release|Any CPU.ActiveCfg = Release|Any CPU
		{B6EC7E76-697C-4EC7-BFF9-36491EABF744}.Release|Any CPU.Build.0 = Release|Any CPU
		{A628F113-A080-48C1-99C6-CD8DF11779D1}.Debug|Any CPU.ActiveCfg = Debug|Any CPU
		{A628F113-A080-48C1-99C6-CD8DF11779D1}.Debug|Any CPU.Build.0 = Debug|Any CPU
		{A628F113-A080-48C1-99C6-CD8DF11779D1}.Release|Any CPU.ActiveCfg = Release|Any CPU
		{A628F113-A080-48C1-99C6-CD8DF11779D1}.Release|Any CPU.Build.0 = Release|Any CPU
	EndGlobalSection
	GlobalSection(SolutionProperties) = preSolution
		HideSolutionNode = FALSE
	EndGlobalSection
	GlobalSection(ExtensibilityGlobals) = postSolution
		SolutionGuid = {C5380A72-025B-4E4C-86AF-E3C855261AEA}
	EndGlobalSection
EndGlobal
